
Microsoft Visual Studio Solution File, Format Version 12.00
# Visual Studio Version 16
VisualStudioVersion = 16.0.30011.22
MinimumVisualStudioVersion = 10.0.40219.1
Project("{FAE04EC0-301F-11D3-BF4B-00C04F79EFBC}") = "Entities", "Entities\Entities.csproj", "{DE64D14E-7C29-438B-B5A7-EE361456A0D7}"
EndProject
Project("{FAE04EC0-301F-11D3-BF4B-00C04F79EFBC}") = "DataAccess", "DataAccess\DataAccess.csproj", "{EABC8BFF-141F-4E99-AE0D-88E47A68B9AD}"
EndProject
Project("{FAE04EC0-301F-11D3-BF4B-00C04F79EFBC}") = "Business", "Business\Business.csproj", "{4DE6D7BE-8DDA-433C-8A92-12F4D4D8678A}"
EndProject
Project("{FAE04EC0-301F-11D3-BF4B-00C04F79EFBC}") = "Core", "Core\Core.csproj", "{4AD145AD-35FC-44B5-BC4A-1AB917110DA9}"
EndProject
Project("{FAE04EC0-301F-11D3-BF4B-00C04F79EFBC}") = "WebAPI", "WebAPI\WebAPI.csproj", "{C4DD0C4A-1A1A-4AB6-B8DE-440B74A6F36A}"
EndProject
Global
	GlobalSection(SolutionConfigurationPlatforms) = preSolution
		Debug|Any CPU = Debug|Any CPU
		Release|Any CPU = Release|Any CPU
	EndGlobalSection
	GlobalSection(ProjectConfigurationPlatforms) = postSolution
		{DE64D14E-7C29-438B-B5A7-EE361456A0D7}.Debug|Any CPU.ActiveCfg = Debug|Any CPU
		{DE64D14E-7C29-438B-B5A7-EE361456A0D7}.Debug|Any CPU.Build.0 = Debug|Any CPU
		{DE64D14E-7C29-438B-B5A7-EE361456A0D7}.Release|Any CPU.ActiveCfg = Release|Any CPU
		{DE64D14E-7C29-438B-B5A7-EE361456A0D7}.Release|Any CPU.Build.0 = Release|Any CPU
		{EABC8BFF-141F-4E99-AE0D-88E47A68B9AD}.Debug|Any CPU.ActiveCfg = Debug|Any CPU
		{EABC8BFF-141F-4E99-AE0D-88E47A68B9AD}.Debug|Any CPU.Build.0 = Debug|Any CPU
		{EABC8BFF-141F-4E99-AE0D-88E47A68B9AD}.Release|Any CPU.ActiveCfg = Release|Any CPU
		{EABC8BFF-141F-4E99-AE0D-88E47A68B9AD}.Release|Any CPU.Build.0 = Release|Any CPU
		{4DE6D7BE-8DDA-433C-8A92-12F4D4D8678A}.Debug|Any CPU.ActiveCfg = Debug|Any CPU
		{4DE6D7BE-8DDA-433C-8A92-12F4D4D8678A}.Debug|Any CPU.Build.0 = Debug|Any CPU
		{4DE6D7BE-8DDA-433C-8A92-12F4D4D8678A}.Release|Any CPU.ActiveCfg = Release|Any CPU
		{4DE6D7BE-8DDA-433C-8A92-12F4D4D8678A}.Release|Any CPU.Build.0 = Release|Any CPU
		{4AD145AD-35FC-44B5-BC4A-1AB917110DA9}.Debug|Any CPU.ActiveCfg = Debug|Any CPU
		{4AD145AD-35FC-44B5-BC4A-1AB917110DA9}.Debug|Any CPU.Build.0 = Debug|Any CPU
		{4AD145AD-35FC-44B5-BC4A-1AB917110DA9}.Release|Any CPU.ActiveCfg = Release|Any CPU
		{4AD145AD-35FC-44B5-BC4A-1AB917110DA9}.Release|Any CPU.Build.0 = Release|Any CPU
		{C4DD0C4A-1A1A-4AB6-B8DE-440B74A6F36A}.Debug|Any CPU.ActiveCfg = Debug|Any CPU
		{C4DD0C4A-1A1A-4AB6-B8DE-440B74A6F36A}.Debug|Any CPU.Build.0 = Debug|Any CPU
		{C4DD0C4A-1A1A-4AB6-B8DE-440B74A6F36A}.Release|Any CPU.ActiveCfg = Release|Any CPU
		{C4DD0C4A-1A1A-4AB6-B8DE-440B74A6F36A}.Release|Any CPU.Build.0 = Release|Any CPU
	EndGlobalSection
	GlobalSection(SolutionProperties) = preSolution
		HideSolutionNode = FALSE
	EndGlobalSection
	GlobalSection(ExtensibilityGlobals) = postSolution
		SolutionGuid = {48DE3E97-2AE1-480F-92C3-EE03EDC3CC10}
	EndGlobalSection
EndGlobal
